
Microsoft Visual Studio Solution File, Format Version 12.00
# Visual Studio 2013
VisualStudioVersion = 12.0.30501.0
MinimumVisualStudioVersion = 10.0.40219.1
Project("{FAE04EC0-301F-11D3-BF4B-00C04F79EFBC}") = "Lib", "Lib\Lib.csproj", "{B57CC403-D1CD-4FC5-81C7-D92B6721EB85}"
EndProject
Project("{FAE04EC0-301F-11D3-BF4B-00C04F79EFBC}") = "Broker", "Broker\Broker.csproj", "{CCB4A011-CA10-495F-B19A-D099AB539D7D}"
EndProject
Project("{FAE04EC0-301F-11D3-BF4B-00C04F79EFBC}") = "SimpleProvider", "SimpleProvider\SimpleProvider.csproj", "{A20F5024-43F7-4814-9333-9CCEFA5ECA5D}"
EndProject
Global
	GlobalSection(SolutionConfigurationPlatforms) = preSolution
		Debug|Any CPU = Debug|Any CPU
		Release|Any CPU = Release|Any CPU
	EndGlobalSection
	GlobalSection(ProjectConfigurationPlatforms) = postSolution
		{B57CC403-D1CD-4FC5-81C7-D92B6721EB85}.Debug|Any CPU.ActiveCfg = Debug|Any CPU
		{B57CC403-D1CD-4FC5-81C7-D92B6721EB85}.Debug|Any CPU.Build.0 = Debug|Any CPU
		{B57CC403-D1CD-4FC5-81C7-D92B6721EB85}.Release|Any CPU.ActiveCfg = Release|Any CPU
		{B57CC403-D1CD-4FC5-81C7-D92B6721EB85}.Release|Any CPU.Build.0 = Release|Any CPU
		{CCB4A011-CA10-495F-B19A-D099AB539D7D}.Debug|Any CPU.ActiveCfg = Debug|Any CPU
		{CCB4A011-CA10-495F-B19A-D099AB539D7D}.Debug|Any CPU.Build.0 = Debug|Any CPU
		{CCB4A011-CA10-495F-B19A-D099AB539D7D}.Release|Any CPU.ActiveCfg = Release|Any CPU
		{CCB4A011-CA10-495F-B19A-D099AB539D7D}.Release|Any CPU.Build.0 = Release|Any CPU
		{A20F5024-43F7-4814-9333-9CCEFA5ECA5D}.Debug|Any CPU.ActiveCfg = Debug|Any CPU
		{A20F5024-43F7-4814-9333-9CCEFA5ECA5D}.Debug|Any CPU.Build.0 = Debug|Any CPU
		{A20F5024-43F7-4814-9333-9CCEFA5ECA5D}.Release|Any CPU.ActiveCfg = Release|Any CPU
		{A20F5024-43F7-4814-9333-9CCEFA5ECA5D}.Release|Any CPU.Build.0 = Release|Any CPU
	EndGlobalSection
	GlobalSection(SolutionProperties) = preSolution
		HideSolutionNode = FALSE
	EndGlobalSection
EndGlobal
